
Microsoft Visual Studio Solution File, Format Version 12.00
# Visual Studio Version 17
VisualStudioVersion = 17.0.31903.59
MinimumVisualStudioVersion = 10.0.40219.1
Project("{2150E333-8FDC-42A3-9474-1A3956D46DE8}") = "RotateString", "RotateString", "{AC7F590A-025C-4D3C-86F1-696E5CE77DA0}"
EndProject
Project("{FAE04EC0-301F-11D3-BF4B-00C04F79EFBC}") = "RotateStringProj", "RotateString\RotateStringProj\RotateStringProj.csproj", "{CE83B197-C825-4498-8F16-91C3E350C830}"
EndProject
Project("{2150E333-8FDC-42A3-9474-1A3956D46DE8}") = "ScoreOfaString", "ScoreOfaString", "{1E5AADB8-120F-45E5-AE93-BA86DC089354}"
EndProject
Project("{FAE04EC0-301F-11D3-BF4B-00C04F79EFBC}") = "ScoreOfaStringLeet", "ScoreOfaString\ScoreOfaStringLeet\ScoreOfaStringLeet.csproj", "{A2A39D1C-F13F-4468-BADB-87F2A96BFB4C}"
EndProject
Project("{2150E333-8FDC-42A3-9474-1A3956D46DE8}") = "AddingSpacestoaString", "AddingSpacestoaString", "{F1EDF476-7324-4EBD-9AEA-E3B2EFBCA85A}"
EndProject
Project("{FAE04EC0-301F-11D3-BF4B-00C04F79EFBC}") = "AddingSpaces", "AddingSpacestoaString\AddingSpaces\AddingSpaces.csproj", "{17780136-854D-42DF-B064-889346883590}"
EndProject
Project("{2150E333-8FDC-42A3-9474-1A3956D46DE8}") = "AdventOfCode", "AdventOfCode", "{005F876A-61B4-4D7C-A766-1571FD0F2032}"
EndProject
Project("{2150E333-8FDC-42A3-9474-1A3956D46DE8}") = "2024", "2024", "{27E11264-39C9-46AB-A3DE-A920D78FD0C8}"
EndProject
Project("{2150E333-8FDC-42A3-9474-1A3956D46DE8}") = "Day1", "Day1", "{D16723F7-D0A8-4E1A-B87C-2A83FFFDD1F7}"
EndProject
Project("{FAE04EC0-301F-11D3-BF4B-00C04F79EFBC}") = "AdventDay1", "AdventOfCode\2024\Day1\AdventDay1\AdventDay1.csproj", "{B1D5B6D6-36A2-4522-BD71-D4908290FBAA}"
EndProject
Global
	GlobalSection(SolutionConfigurationPlatforms) = preSolution
		Debug|Any CPU = Debug|Any CPU
		Release|Any CPU = Release|Any CPU
	EndGlobalSection
	GlobalSection(SolutionProperties) = preSolution
		HideSolutionNode = FALSE
	EndGlobalSection
	GlobalSection(ProjectConfigurationPlatforms) = postSolution
		{CE83B197-C825-4498-8F16-91C3E350C830}.Debug|Any CPU.ActiveCfg = Debug|Any CPU
		{CE83B197-C825-4498-8F16-91C3E350C830}.Debug|Any CPU.Build.0 = Debug|Any CPU
		{CE83B197-C825-4498-8F16-91C3E350C830}.Release|Any CPU.ActiveCfg = Release|Any CPU
		{CE83B197-C825-4498-8F16-91C3E350C830}.Release|Any CPU.Build.0 = Release|Any CPU
		{A2A39D1C-F13F-4468-BADB-87F2A96BFB4C}.Debug|Any CPU.ActiveCfg = Debug|Any CPU
		{A2A39D1C-F13F-4468-BADB-87F2A96BFB4C}.Debug|Any CPU.Build.0 = Debug|Any CPU
		{A2A39D1C-F13F-4468-BADB-87F2A96BFB4C}.Release|Any CPU.ActiveCfg = Release|Any CPU
		{A2A39D1C-F13F-4468-BADB-87F2A96BFB4C}.Release|Any CPU.Build.0 = Release|Any CPU
		{17780136-854D-42DF-B064-889346883590}.Debug|Any CPU.ActiveCfg = Debug|Any CPU
		{17780136-854D-42DF-B064-889346883590}.Debug|Any CPU.Build.0 = Debug|Any CPU
		{17780136-854D-42DF-B064-889346883590}.Release|Any CPU.ActiveCfg = Release|Any CPU
		{17780136-854D-42DF-B064-889346883590}.Release|Any CPU.Build.0 = Release|Any CPU
		{B1D5B6D6-36A2-4522-BD71-D4908290FBAA}.Debug|Any CPU.ActiveCfg = Debug|Any CPU
		{B1D5B6D6-36A2-4522-BD71-D4908290FBAA}.Debug|Any CPU.Build.0 = Debug|Any CPU
		{B1D5B6D6-36A2-4522-BD71-D4908290FBAA}.Release|Any CPU.ActiveCfg = Release|Any CPU
		{B1D5B6D6-36A2-4522-BD71-D4908290FBAA}.Release|Any CPU.Build.0 = Release|Any CPU
	EndGlobalSection
	GlobalSection(NestedProjects) = preSolution
		{CE83B197-C825-4498-8F16-91C3E350C830} = {AC7F590A-025C-4D3C-86F1-696E5CE77DA0}
		{A2A39D1C-F13F-4468-BADB-87F2A96BFB4C} = {1E5AADB8-120F-45E5-AE93-BA86DC089354}
		{17780136-854D-42DF-B064-889346883590} = {F1EDF476-7324-4EBD-9AEA-E3B2EFBCA85A}
		{27E11264-39C9-46AB-A3DE-A920D78FD0C8} = {005F876A-61B4-4D7C-A766-1571FD0F2032}
		{D16723F7-D0A8-4E1A-B87C-2A83FFFDD1F7} = {27E11264-39C9-46AB-A3DE-A920D78FD0C8}
		{B1D5B6D6-36A2-4522-BD71-D4908290FBAA} = {D16723F7-D0A8-4E1A-B87C-2A83FFFDD1F7}
	EndGlobalSection
EndGlobal
